
Microsoft Visual Studio Solution File, Format Version 12.00
# Visual Studio Version 17
VisualStudioVersion = 17.4.33213.308
MinimumVisualStudioVersion = 10.0.40219.1
Project("{FAE04EC0-301F-11D3-BF4B-00C04F79EFBC}") = "Csharp-anonymousMethods-Lambda", "Csharp-anonymousMethods-Lambda\Csharp-anonymousMethods-Lambda.csproj", "{FFD3ACAD-6E7A-439C-A423-7AE3AA2B5CB2}"
EndProject
Global
	GlobalSection(SolutionConfigurationPlatforms) = preSolution
		Debug|Any CPU = Debug|Any CPU
		Release|Any CPU = Release|Any CPU
	EndGlobalSection
	GlobalSection(ProjectConfigurationPlatforms) = postSolution
		{FFD3ACAD-6E7A-439C-A423-7AE3AA2B5CB2}.Debug|Any CPU.ActiveCfg = Debug|Any CPU
		{FFD3ACAD-6E7A-439C-A423-7AE3AA2B5CB2}.Debug|Any CPU.Build.0 = Debug|Any CPU
		{FFD3ACAD-6E7A-439C-A423-7AE3AA2B5CB2}.Release|Any CPU.ActiveCfg = Release|Any CPU
		{FFD3ACAD-6E7A-439C-A423-7AE3AA2B5CB2}.Release|Any CPU.Build.0 = Release|Any CPU
	EndGlobalSection
	GlobalSection(SolutionProperties) = preSolution
		HideSolutionNode = FALSE
	EndGlobalSection
	GlobalSection(ExtensibilityGlobals) = postSolution
		SolutionGuid = {EFA30D9A-8F92-4B8D-8941-E6BC83ABF49C}
	EndGlobalSection
EndGlobal
